
Microsoft Visual Studio Solution File, Format Version 12.00
Project("{FAE04EC0-301F-11D3-BF4B-00C04F79EFBC}") = "TesteMemcached", "TesteMemcached.csproj", "{A1BBD96A-358B-4D1C-9B4A-203D7200BB82}"
EndProject
Project("{2150E333-8FDC-42A3-9474-1A3956D46DE8}") = "Solution Items", "Solution Items", "{447C3833-D675-467F-B72A-E09C11BF8397}"
	ProjectSection(SolutionItems) = preProject
		compose.yaml = compose.yaml
	EndProjectSection
EndProject
Global
	GlobalSection(SolutionConfigurationPlatforms) = preSolution
		Debug|Any CPU = Debug|Any CPU
		Release|Any CPU = Release|Any CPU
	EndGlobalSection
	GlobalSection(ProjectConfigurationPlatforms) = postSolution
		{A1BBD96A-358B-4D1C-9B4A-203D7200BB82}.Debug|Any CPU.ActiveCfg = Debug|Any CPU
		{A1BBD96A-358B-4D1C-9B4A-203D7200BB82}.Debug|Any CPU.Build.0 = Debug|Any CPU
		{A1BBD96A-358B-4D1C-9B4A-203D7200BB82}.Release|Any CPU.ActiveCfg = Release|Any CPU
		{A1BBD96A-358B-4D1C-9B4A-203D7200BB82}.Release|Any CPU.Build.0 = Release|Any CPU
	EndGlobalSection
EndGlobal
